{
  "requires": true,
  "lockfileVersion": 1,
  "dependencies": {
    "@zxing/library": {
      "version": "0.18.6",
      "resolved": "https://registry.npmjs.org/@zxing/library/-/library-0.18.6.tgz",
      "integrity": "sha512-bulZ9JHoLFd9W36pi+7e7DnEYNJhljYjZ1UTsKPOoLMU3qtC+REHITeCRNx40zTRJZx18W5TBRXt5pq2Uopjsw==",
      "requires": {
        "@zxing/text-encoding": "~0.9.0",
        "ts-custom-error": "^3.0.0"
      }
    },
    "@zxing/text-encoding": {
      "version": "0.9.0",
      "resolved": "https://registry.npmjs.org/@zxing/text-encoding/-/text-encoding-0.9.0.tgz",
      "integrity": "sha512-U/4aVJ2mxI0aDNI8Uq0wEhMgY+u4CNtEb0om3+y3+niDAsoTCOB33UF0sxpzqzdqXLqmvc+vZyAt4O8pPdfkwA==",
      "optional": true
    },
    "ts-custom-error": {
      "version": "3.2.0",
      "resolved": "https://registry.npmjs.org/ts-custom-error/-/ts-custom-error-3.2.0.tgz",
      "integrity": "sha512-cBvC2QjtvJ9JfWLvstVnI45Y46Y5dMxIaG1TDMGAD/R87hpvqFL+7LhvUDhnRCfOnx/xitollFWWvUKKKhbN0A=="
    }
  }
}
